
Microsoft Visual Studio Solution File, Format Version 12.00
# Visual Studio 15
VisualStudioVersion = 15.0.27004.2009
MinimumVisualStudioVersion = 10.0.40219.1
Project("{FAE04EC0-301F-11D3-BF4B-00C04F79EFBC}") = "FileSeeker", "FileSeeker.csproj", "{3138284F-2BFF-4153-AA7F-AE115EACF864}"
EndProject
Project("{C7167F0D-BC9F-4E6E-AFE1-012C56B48DB5}") = "FileSeekerAppPackage", "..\FileSeekerAppPackage\FileSeekerAppPackage.wapproj", "{2B67A624-2F57-4160-9033-78B3998054B2}"
EndProject
Global
	GlobalSection(SolutionConfigurationPlatforms) = preSolution
		Debug|Any CPU = Debug|Any CPU
		Debug|x64 = Debug|x64
		Debug|x86 = Debug|x86
		Release|Any CPU = Release|Any CPU
		Release|x64 = Release|x64
		Release|x86 = Release|x86
	EndGlobalSection
	GlobalSection(ProjectConfigurationPlatforms) = postSolution
		{3138284F-2BFF-4153-AA7F-AE115EACF864}.Debug|Any CPU.ActiveCfg = Debug|Any CPU
		{3138284F-2BFF-4153-AA7F-AE115EACF864}.Debug|Any CPU.Build.0 = Debug|Any CPU
		{3138284F-2BFF-4153-AA7F-AE115EACF864}.Debug|x64.ActiveCfg = Debug|Any CPU
		{3138284F-2BFF-4153-AA7F-AE115EACF864}.Debug|x64.Build.0 = Debug|Any CPU
		{3138284F-2BFF-4153-AA7F-AE115EACF864}.Debug|x86.ActiveCfg = Debug|Any CPU
		{3138284F-2BFF-4153-AA7F-AE115EACF864}.Debug|x86.Build.0 = Debug|Any CPU
		{3138284F-2BFF-4153-AA7F-AE115EACF864}.Release|Any CPU.ActiveCfg = Release|Any CPU
		{3138284F-2BFF-4153-AA7F-AE115EACF864}.Release|Any CPU.Build.0 = Release|Any CPU
		{3138284F-2BFF-4153-AA7F-AE115EACF864}.Release|x64.ActiveCfg = Release|Any CPU
		{3138284F-2BFF-4153-AA7F-AE115EACF864}.Release|x64.Build.0 = Release|Any CPU
		{3138284F-2BFF-4153-AA7F-AE115EACF864}.Release|x86.ActiveCfg = Release|Any CPU
		{3138284F-2BFF-4153-AA7F-AE115EACF864}.Release|x86.Build.0 = Release|Any CPU
		{2B67A624-2F57-4160-9033-78B3998054B2}.Debug|Any CPU.ActiveCfg = Debug|Any CPU
		{2B67A624-2F57-4160-9033-78B3998054B2}.Debug|Any CPU.Build.0 = Debug|Any CPU
		{2B67A624-2F57-4160-9033-78B3998054B2}.Debug|Any CPU.Deploy.0 = Debug|Any CPU
		{2B67A624-2F57-4160-9033-78B3998054B2}.Debug|x64.ActiveCfg = Debug|x64
		{2B67A624-2F57-4160-9033-78B3998054B2}.Debug|x64.Build.0 = Debug|x64
		{2B67A624-2F57-4160-9033-78B3998054B2}.Debug|x64.Deploy.0 = Debug|x64
		{2B67A624-2F57-4160-9033-78B3998054B2}.Debug|x86.ActiveCfg = Debug|x86
		{2B67A624-2F57-4160-9033-78B3998054B2}.Debug|x86.Build.0 = Debug|x86
		{2B67A624-2F57-4160-9033-78B3998054B2}.Debug|x86.Deploy.0 = Debug|x86
		{2B67A624-2F57-4160-9033-78B3998054B2}.Release|Any CPU.ActiveCfg = Release|Any CPU
		{2B67A624-2F57-4160-9033-78B3998054B2}.Release|Any CPU.Build.0 = Release|Any CPU
		{2B67A624-2F57-4160-9033-78B3998054B2}.Release|Any CPU.Deploy.0 = Release|Any CPU
		{2B67A624-2F57-4160-9033-78B3998054B2}.Release|x64.ActiveCfg = Release|x64
		{2B67A624-2F57-4160-9033-78B3998054B2}.Release|x64.Build.0 = Release|x64
		{2B67A624-2F57-4160-9033-78B3998054B2}.Release|x64.Deploy.0 = Release|x64
		{2B67A624-2F57-4160-9033-78B3998054B2}.Release|x86.ActiveCfg = Release|x86
		{2B67A624-2F57-4160-9033-78B3998054B2}.Release|x86.Build.0 = Release|x86
		{2B67A624-2F57-4160-9033-78B3998054B2}.Release|x86.Deploy.0 = Release|x86
	EndGlobalSection
	GlobalSection(SolutionProperties) = preSolution
		HideSolutionNode = FALSE
	EndGlobalSection
	GlobalSection(ExtensibilityGlobals) = postSolution
		SolutionGuid = {DA3770BE-754E-43B6-8BD0-FA1039A676FB}
	EndGlobalSection
EndGlobal
