
Microsoft Visual Studio Solution File, Format Version 12.00
# Visual Studio 15
VisualStudioVersion = 15.0.27703.2018
MinimumVisualStudioVersion = 10.0.40219.1
Project("{FAE04EC0-301F-11D3-BF4B-00C04F79EFBC}") = "Seeker", "Seeker.csproj", "{D6BAA585-78E9-40AB-9C0A-65DDAD1E0649}"
EndProject
Global
	GlobalSection(SolutionConfigurationPlatforms) = preSolution
		Debug|ARM = Debug|ARM
		Debug|x64 = Debug|x64
		Debug|x86 = Debug|x86
		Release|ARM = Release|ARM
		Release|x64 = Release|x64
		Release|x86 = Release|x86
	EndGlobalSection
	GlobalSection(ProjectConfigurationPlatforms) = postSolution
		{D6BAA585-78E9-40AB-9C0A-65DDAD1E0649}.Debug|ARM.ActiveCfg = Debug|ARM
		{D6BAA585-78E9-40AB-9C0A-65DDAD1E0649}.Debug|ARM.Build.0 = Debug|ARM
		{D6BAA585-78E9-40AB-9C0A-65DDAD1E0649}.Debug|ARM.Deploy.0 = Debug|ARM
		{D6BAA585-78E9-40AB-9C0A-65DDAD1E0649}.Debug|x64.ActiveCfg = Debug|x64
		{D6BAA585-78E9-40AB-9C0A-65DDAD1E0649}.Debug|x64.Build.0 = Debug|x64
		{D6BAA585-78E9-40AB-9C0A-65DDAD1E0649}.Debug|x64.Deploy.0 = Debug|x64
		{D6BAA585-78E9-40AB-9C0A-65DDAD1E0649}.Debug|x86.ActiveCfg = Debug|x86
		{D6BAA585-78E9-40AB-9C0A-65DDAD1E0649}.Debug|x86.Build.0 = Debug|x86
		{D6BAA585-78E9-40AB-9C0A-65DDAD1E0649}.Debug|x86.Deploy.0 = Debug|x86
		{D6BAA585-78E9-40AB-9C0A-65DDAD1E0649}.Release|ARM.ActiveCfg = Release|ARM
		{D6BAA585-78E9-40AB-9C0A-65DDAD1E0649}.Release|ARM.Build.0 = Release|ARM
		{D6BAA585-78E9-40AB-9C0A-65DDAD1E0649}.Release|ARM.Deploy.0 = Release|ARM
		{D6BAA585-78E9-40AB-9C0A-65DDAD1E0649}.Release|x64.ActiveCfg = Release|x64
		{D6BAA585-78E9-40AB-9C0A-65DDAD1E0649}.Release|x64.Build.0 = Release|x64
		{D6BAA585-78E9-40AB-9C0A-65DDAD1E0649}.Release|x64.Deploy.0 = Release|x64
		{D6BAA585-78E9-40AB-9C0A-65DDAD1E0649}.Release|x86.ActiveCfg = Release|x86
		{D6BAA585-78E9-40AB-9C0A-65DDAD1E0649}.Release|x86.Build.0 = Release|x86
		{D6BAA585-78E9-40AB-9C0A-65DDAD1E0649}.Release|x86.Deploy.0 = Release|x86
	EndGlobalSection
	GlobalSection(SolutionProperties) = preSolution
		HideSolutionNode = FALSE
	EndGlobalSection
	GlobalSection(ExtensibilityGlobals) = postSolution
		SolutionGuid = {3B426476-E4D0-46B9-B910-B67F3C6FBBC2}
	EndGlobalSection
EndGlobal
